{
  "nodes": {
    "flake-compat": {
      "flake": false,
      "locked": {
        "lastModified": 1627913399,
        "narHash": "sha256-hY8g6H2KFL8ownSiFeMOjwPC8P0ueXpCVEbxgda3pko=",
        "owner": "edolstra",
        "repo": "flake-compat",
        "rev": "12c64ca55c1014cdc1b16ed5a804aa8576601ff2",
        "type": "github"
      },
      "original": {
        "owner": "edolstra",
        "repo": "flake-compat",
        "type": "github"
      }
    },
    "flake-utils": {
      "locked": {
        "lastModified": 1638122382,
        "narHash": "sha256-sQzZzAbvKEqN9s0bzWuYmRaA03v40gaJ4+iL1LXjaeI=",
        "owner": "numtide",
        "repo": "flake-utils",
        "rev": "74f7e4319258e287b0f9cb95426c9853b282730b",
        "type": "github"
      },
      "original": {
        "owner": "numtide",
        "repo": "flake-utils",
        "type": "github"
      }
    },
    "nixpkgs": {
      "locked": {
        "lastModified": 1686921029,
        "narHash": "sha256-J1bX9plPCFhTSh6E3TWn9XSxggBh/zDD4xigyaIQBy8=",
        "owner": "NixOS",
        "repo": "nixpkgs",
        "rev": "c7ff1b9b95620ce8728c0d7bd501c458e6da9e04",
        "type": "github"
      },
      "original": {
        "owner": "NixOS",
        "ref": "nixos-23.05",
        "repo": "nixpkgs",
        "type": "github"
      }
    },
    "nixpkgs-unstable": {
      "locked": {
        "lastModified": 1686960236,
        "narHash": "sha256-AYCC9rXNLpUWzD9hm+askOfpliLEC9kwAo7ITJc4HIw=",
        "owner": "NixOS",
        "repo": "nixpkgs",
        "rev": "04af42f3b31dba0ef742d254456dc4c14eedac86",
        "type": "github"
      },
      "original": {
        "owner": "NixOS",
        "ref": "nixos-unstable",
        "repo": "nixpkgs",
        "type": "github"
      }
    },
    "nixpkgs_2": {
      "locked": {
        "lastModified": 1679734080,
        "narHash": "sha256-z846xfGLlon6t9lqUzlNtBOmsgQLQIZvR6Lt2dImk1M=",
        "owner": "NixOS",
        "repo": "nixpkgs",
        "rev": "dbf5322e93bcc6cfc52268367a8ad21c09d76fea",
        "type": "github"
      },
      "original": {
        "id": "nixpkgs",
        "type": "indirect"
      }
    },
    "nixpkgs_3": {
      "locked": {
        "lastModified": 1639298432,
        "narHash": "sha256-pIxmw4BFWxZCJMoRIQllGTo9xLyOvt/ZSjz/Ot9ij7E=",
        "owner": "NixOS",
        "repo": "nixpkgs",
        "rev": "32e954df31da3c6bf5e29b2627f4c2f84fc7a704",
        "type": "github"
      },
      "original": {
        "id": "nixpkgs",
        "ref": "release-21.11",
        "type": "indirect"
      }
    },
    "root": {
      "inputs": {
        "nixpkgs": "nixpkgs",
        "nixpkgs-unstable": "nixpkgs-unstable",
        "secrets": "secrets",
        "tuya-cloud-bash": "tuya-cloud-bash"
      }
    },
    "secrets": {
      "inputs": {
        "nixpkgs": "nixpkgs_2"
      },
      "locked": {
        "lastModified": 1679754646,
        "narHash": "sha256-iaCZpp9/EM+G0DGQvtsezDV8z1qOl6UwgmzNAtNXulc=",
        "ref": "refs/heads/main",
        "rev": "250253a7a5b8c7da6a1ca0df55677524c963769a",
        "revCount": 16,
        "type": "git",
        "url": "file:///etc/nixos/secrets"
      },
      "original": {
        "type": "git",
        "url": "file:///etc/nixos/secrets"
      }
    },
    "tuya-cloud-bash": {
      "inputs": {
        "flake-compat": "flake-compat",
        "flake-utils": "flake-utils",
        "nixpkgs": "nixpkgs_3"
      },
      "locked": {
        "lastModified": 1639484079,
        "narHash": "sha256-nwe/kkqINQSOfpNUV17hlClOun70FH/gnImsaLTTarg=",
        "owner": "nathan-gs",
        "repo": "tuya-cloud-bash",
        "rev": "9538397b205005fde3564d74d2b8af07305c3238",
        "type": "github"
      },
      "original": {
        "owner": "nathan-gs",
        "repo": "tuya-cloud-bash",
        "type": "github"
      }
    }
  },
  "root": "root",
  "version": 7
}
